
Microsoft Visual Studio Solution File, Format Version 12.00
# Visual Studio 2013
VisualStudioVersion = 12.0.31101.0
MinimumVisualStudioVersion = 10.0.40219.1
Project("{FAE04EC0-301F-11D3-BF4B-00C04F79EFBC}") = "VideoBrowser", "VideoBrowser\VideoBrowser.csproj", "{54D6CE16-8055-4ABD-B739-331BE4C2525D}"
EndProject
Project("{FAE04EC0-301F-11D3-BF4B-00C04F79EFBC}") = "MoviePlayerControlLibrary", "MoviePlayerControlLibrary\MoviePlayerControlLibrary.csproj", "{F3EDFC35-DBDF-4C1D-9E0A-122B1DD8ED92}"
EndProject
Global
	GlobalSection(SolutionConfigurationPlatforms) = preSolution
		Debug|Any CPU = Debug|Any CPU
		Release|Any CPU = Release|Any CPU
	EndGlobalSection
	GlobalSection(ProjectConfigurationPlatforms) = postSolution
		{54D6CE16-8055-4ABD-B739-331BE4C2525D}.Debug|Any CPU.ActiveCfg = Debug|Any CPU
		{54D6CE16-8055-4ABD-B739-331BE4C2525D}.Debug|Any CPU.Build.0 = Debug|Any CPU
		{54D6CE16-8055-4ABD-B739-331BE4C2525D}.Release|Any CPU.ActiveCfg = Release|Any CPU
		{54D6CE16-8055-4ABD-B739-331BE4C2525D}.Release|Any CPU.Build.0 = Release|Any CPU
		{F3EDFC35-DBDF-4C1D-9E0A-122B1DD8ED92}.Debug|Any CPU.ActiveCfg = Debug|Any CPU
		{F3EDFC35-DBDF-4C1D-9E0A-122B1DD8ED92}.Debug|Any CPU.Build.0 = Debug|Any CPU
		{F3EDFC35-DBDF-4C1D-9E0A-122B1DD8ED92}.Release|Any CPU.ActiveCfg = Release|Any CPU
		{F3EDFC35-DBDF-4C1D-9E0A-122B1DD8ED92}.Release|Any CPU.Build.0 = Release|Any CPU
	EndGlobalSection
	GlobalSection(SolutionProperties) = preSolution
		HideSolutionNode = FALSE
	EndGlobalSection
EndGlobal
